lockfileVersion: '6.0'

settings:
  autoInstallPeers: true
  excludeLinksFromLockfile: false

dependencies:
  '@babel/runtime':
    specifier: ^7.24.5
    version: 7.24.5
  '@babylonjs/core':
    specifier: ^7.6.0
    version: 7.7.0
  '@babylonjs/gui':
    specifier: ^7.8.0
    version: 7.8.0(@babylonjs/core@7.7.0)
  '@babylonjs/havok':
    specifier: ^1.3.4
    version: 1.3.4
  '@babylonjs/loaders':
    specifier: ^7.6.0
    version: 7.7.0(@babylonjs/core@7.7.0)(babylonjs-gltf2interface@7.8.0)
  '@galacean/engine':
    specifier: ^1.2.0-beta.5
    version: 1.2.0-beta.5
  '@galacean/engine-physics-lite':
    specifier: ^1.2.0-beta.5
    version: 1.2.0-beta.5(@galacean/engine@1.2.0-beta.5)
  '@galacean/engine-physics-physx':
    specifier: ^1.2.0-beta.5
    version: 1.2.0-beta.5(@galacean/engine@1.2.0-beta.5)
  '@galacean/engine-toolkit':
    specifier: ^1.2.0-beta
    version: 1.2.0-beta.4(@galacean/engine@1.2.0-beta.5)
  '@types/three':
    specifier: ^0.164.0
    version: 0.164.0
  babylonjs:
    specifier: ^7.6.0
    version: 7.7.0
  dat.gui:
    specifier: ^0.7.9
    version: 0.7.9
  stats.js:
    specifier: ^0.17.0
    version: 0.17.0
  three:
    specifier: ^0.164.1
    version: 0.164.1
  three-nebula:
    specifier: ^10.0.3
    version: 10.0.3(three@0.164.1)
  three-spritetext:
    specifier: ^1.8.2
    version: 1.8.2(three@0.164.1)

devDependencies:
  '@types/node':
    specifier: ^20.12.12
    version: 20.12.12
  fs-extra:
    specifier: ^10.1.0
    version: 10.1.0
  sass:
    specifier: ^1.55.0
    version: 1.77.2
  typescript:
    specifier: ^4.8.3
    version: 4.9.5
  vite:
    specifier: ^5.2.11
    version: 5.2.11(@types/node@20.12.12)(sass@1.77.2)

packages:

  /@babel/runtime@7.24.5:
    resolution: {integrity: sha512-Nms86NXrsaeU9vbBJKni6gXiEXZ4CVpYVzEjDH9Sb8vmZ3UljyA1GSOJl/6LGPO8EHLuSF9H+IxNXHPX8QHJ4g==}
    engines: {node: '>=6.9.0'}
    dependencies:
      regenerator-runtime: 0.14.1
    dev: false

  /@babylonjs/core@7.7.0:
    resolution: {integrity: sha512-wSaECmExjtKIG3qov3W2PBxZJN2V2M8sVfJ4Se108+GIA3+Y+IHZl1R3A6oDc2ZUduMnxix+TigXpV2J7AQCgg==}
    dev: false

  /@babylonjs/gui@7.8.0(@babylonjs/core@7.7.0):
    resolution: {integrity: sha512-i57+aQeaBMZ1YASKJs8RSYOvzXdP+We2DNPnPLF1QhPm0smKivoVISkSRd0bCgu6UdVc4itvJrAmHFYUTksfBg==}
    peerDependencies:
      '@babylonjs/core': ^7.0.0
    dependencies:
      '@babylonjs/core': 7.7.0
    dev: false

  /@babylonjs/havok@1.3.4:
    resolution: {integrity: sha512-mCz+w7vlSjPHLfGkCvt2oTRY2qFWXem6x/B6bolNW8lgsOn1SebeZ/lx6Q6nobNbOtWqs5jt4ESEb+ctzutvMw==}
    dependencies:
      '@types/emscripten': 1.39.12
    dev: false

  /@babylonjs/loaders@7.7.0(@babylonjs/core@7.7.0)(babylonjs-gltf2interface@7.8.0):
    resolution: {integrity: sha512-zdMmNJ7TM0JZVMmRV/LCEEE+uZY8DBpBpSh5SHNp2/4lTMhQnmWuMzQCmT/XVVZL7uUhPp7JSt2KsVQDl3Udag==}
    peerDependencies:
      '@babylonjs/core': ^7.0.0
      babylonjs-gltf2interface: ^7.0.0
    dependencies:
      '@babylonjs/core': 7.7.0
      babylonjs-gltf2interface: 7.8.0
    dev: false

  /@esbuild/aix-ppc64@0.20.2:
    resolution: {integrity: sha512-D+EBOJHXdNZcLJRBkhENNG8Wji2kgc9AZ9KiPr1JuZjsNtyHzrsfLRrY0tk2H2aoFu6RANO1y1iPPUCDYWkb5g==}
    engines: {node: '>=12'}
    cpu: [ppc64]
    os: [aix]
    requiresBuild: true
    dev: true
    optional: true

  /@esbuild/android-arm64@0.20.2:
    resolution: {integrity: sha512-mRzjLacRtl/tWU0SvD8lUEwb61yP9cqQo6noDZP/O8VkwafSYwZ4yWy24kan8jE/IMERpYncRt2dw438LP3Xmg==}
    engines: {node: '>=12'}
    cpu: [arm64]
    os: [android]
    requiresBuild: true
    dev: true
    optional: true

  /@esbuild/android-arm@0.20.2:
    resolution: {integrity: sha512-t98Ra6pw2VaDhqNWO2Oph2LXbz/EJcnLmKLGBJwEwXX/JAN83Fym1rU8l0JUWK6HkIbWONCSSatf4sf2NBRx/w==}
    engines: {node: '>=12'}
    cpu: [arm]
    os: [android]
    requiresBuild: true
    dev: true
    optional: true

  /@esbuild/android-x64@0.20.2:
    resolution: {integrity: sha512-btzExgV+/lMGDDa194CcUQm53ncxzeBrWJcncOBxuC6ndBkKxnHdFJn86mCIgTELsooUmwUm9FkhSp5HYu00Rg==}
    engines: {node: '>=12'}
    cpu: [x64]
    os: [android]
    requiresBuild: true
    dev: true
    optional: true

  /@esbuild/darwin-arm64@0.20.2:
    resolution: {integrity: sha512-4J6IRT+10J3aJH3l1yzEg9y3wkTDgDk7TSDFX+wKFiWjqWp/iCfLIYzGyasx9l0SAFPT1HwSCR+0w/h1ES/MjA==}
    engines: {node: '>=12'}
    cpu: [arm64]
    os: [darwin]
    requiresBuild: true
    dev: true
    optional: true

  /@esbuild/darwin-x64@0.20.2:
    resolution: {integrity: sha512-tBcXp9KNphnNH0dfhv8KYkZhjc+H3XBkF5DKtswJblV7KlT9EI2+jeA8DgBjp908WEuYll6pF+UStUCfEpdysA==}
    engines: {node: '>=12'}
    cpu: [x64]
    os: [darwin]
    requiresBuild: true
    dev: true
    optional: true

  /@esbuild/freebsd-arm64@0.20.2:
    resolution: {integrity: sha512-d3qI41G4SuLiCGCFGUrKsSeTXyWG6yem1KcGZVS+3FYlYhtNoNgYrWcvkOoaqMhwXSMrZRl69ArHsGJ9mYdbbw==}
    engines: {node: '>=12'}
    cpu: [arm64]
    os: [freebsd]
    requiresBuild: true
    dev: true
    optional: true

  /@esbuild/freebsd-x64@0.20.2:
    resolution: {integrity: sha512-d+DipyvHRuqEeM5zDivKV1KuXn9WeRX6vqSqIDgwIfPQtwMP4jaDsQsDncjTDDsExT4lR/91OLjRo8bmC1e+Cw==}
    engines: {node: '>=12'}
    cpu: [x64]
    os: [freebsd]
    requiresBuild: true
    dev: true
    optional: true

  /@esbuild/linux-arm64@0.20.2:
    resolution: {integrity: sha512-9pb6rBjGvTFNira2FLIWqDk/uaf42sSyLE8j1rnUpuzsODBq7FvpwHYZxQ/It/8b+QOS1RYfqgGFNLRI+qlq2A==}
    engines: {node: '>=12'}
    cpu: [arm64]
    os: [linux]
    requiresBuild: true
    dev: true
    optional: true

  /@esbuild/linux-arm@0.20.2:
    resolution: {integrity: sha512-VhLPeR8HTMPccbuWWcEUD1Az68TqaTYyj6nfE4QByZIQEQVWBB8vup8PpR7y1QHL3CpcF6xd5WVBU/+SBEvGTg==}
    engines: {node: '>=12'}
    cpu: [arm]
    os: [linux]
    requiresBuild: true
    dev: true
    optional: true

  /@esbuild/linux-ia32@0.20.2:
    resolution: {integrity: sha512-o10utieEkNPFDZFQm9CoP7Tvb33UutoJqg3qKf1PWVeeJhJw0Q347PxMvBgVVFgouYLGIhFYG0UGdBumROyiig==}
    engines: {node: '>=12'}
    cpu: [ia32]
    os: [linux]
    requiresBuild: true
    dev: true
    optional: true

  /@esbuild/linux-loong64@0.20.2:
    resolution: {integrity: sha512-PR7sp6R/UC4CFVomVINKJ80pMFlfDfMQMYynX7t1tNTeivQ6XdX5r2XovMmha/VjR1YN/HgHWsVcTRIMkymrgQ==}
    engines: {node: '>=12'}
    cpu: [loong64]
    os: [linux]
    requiresBuild: true
    dev: true
    optional: true

  /@esbuild/linux-mips64el@0.20.2:
    resolution: {integrity: sha512-4BlTqeutE/KnOiTG5Y6Sb/Hw6hsBOZapOVF6njAESHInhlQAghVVZL1ZpIctBOoTFbQyGW+LsVYZ8lSSB3wkjA==}
    engines: {node: '>=12'}
    cpu: [mips64el]
    os: [linux]
    requiresBuild: true
    dev: true
    optional: true

  /@esbuild/linux-ppc64@0.20.2:
    resolution: {integrity: sha512-rD3KsaDprDcfajSKdn25ooz5J5/fWBylaaXkuotBDGnMnDP1Uv5DLAN/45qfnf3JDYyJv/ytGHQaziHUdyzaAg==}
    engines: {node: '>=12'}
    cpu: [ppc64]
    os: [linux]
    requiresBuild: true
    dev: true
    optional: true

  /@esbuild/linux-riscv64@0.20.2:
    resolution: {integrity: sha512-snwmBKacKmwTMmhLlz/3aH1Q9T8v45bKYGE3j26TsaOVtjIag4wLfWSiZykXzXuE1kbCE+zJRmwp+ZbIHinnVg==}
    engines: {node: '>=12'}
    cpu: [riscv64]
    os: [linux]
    requiresBuild: true
    dev: true
    optional: true

  /@esbuild/linux-s390x@0.20.2:
    resolution: {integrity: sha512-wcWISOobRWNm3cezm5HOZcYz1sKoHLd8VL1dl309DiixxVFoFe/o8HnwuIwn6sXre88Nwj+VwZUvJf4AFxkyrQ==}
    engines: {node: '>=12'}
    cpu: [s390x]
    os: [linux]
    requiresBuild: true
    dev: true
    optional: true

  /@esbuild/linux-x64@0.20.2:
    resolution: {integrity: sha512-1MdwI6OOTsfQfek8sLwgyjOXAu+wKhLEoaOLTjbijk6E2WONYpH9ZU2mNtR+lZ2B4uwr+usqGuVfFT9tMtGvGw==}
    engines: {node: '>=12'}
    cpu: [x64]
    os: [linux]
    requiresBuild: true
    dev: true
    optional: true

  /@esbuild/netbsd-x64@0.20.2:
    resolution: {integrity: sha512-K8/DhBxcVQkzYc43yJXDSyjlFeHQJBiowJ0uVL6Tor3jGQfSGHNNJcWxNbOI8v5k82prYqzPuwkzHt3J1T1iZQ==}
    engines: {node: '>=12'}
    cpu: [x64]
    os: [netbsd]
    requiresBuild: true
    dev: true
    optional: true

  /@esbuild/openbsd-x64@0.20.2:
    resolution: {integrity: sha512-eMpKlV0SThJmmJgiVyN9jTPJ2VBPquf6Kt/nAoo6DgHAoN57K15ZghiHaMvqjCye/uU4X5u3YSMgVBI1h3vKrQ==}
    engines: {node: '>=12'}
    cpu: [x64]
    os: [openbsd]
    requiresBuild: true
    dev: true
    optional: true

  /@esbuild/sunos-x64@0.20.2:
    resolution: {integrity: sha512-2UyFtRC6cXLyejf/YEld4Hajo7UHILetzE1vsRcGL3earZEW77JxrFjH4Ez2qaTiEfMgAXxfAZCm1fvM/G/o8w==}
    engines: {node: '>=12'}
    cpu: [x64]
    os: [sunos]
    requiresBuild: true
    dev: true
    optional: true

  /@esbuild/win32-arm64@0.20.2:
    resolution: {integrity: sha512-GRibxoawM9ZCnDxnP3usoUDO9vUkpAxIIZ6GQI+IlVmr5kP3zUq+l17xELTHMWTWzjxa2guPNyrpq1GWmPvcGQ==}
    engines: {node: '>=12'}
    cpu: [arm64]
    os: [win32]
    requiresBuild: true
    dev: true
    optional: true

  /@esbuild/win32-ia32@0.20.2:
    resolution: {integrity: sha512-HfLOfn9YWmkSKRQqovpnITazdtquEW8/SoHW7pWpuEeguaZI4QnCRW6b+oZTztdBnZOS2hqJ6im/D5cPzBTTlQ==}
    engines: {node: '>=12'}
    cpu: [ia32]
    os: [win32]
    requiresBuild: true
    dev: true
    optional: true

  /@esbuild/win32-x64@0.20.2:
    resolution: {integrity: sha512-N49X4lJX27+l9jbLKSqZ6bKNjzQvHaT8IIFUy+YIqmXQdjYCToGWwOItDrfby14c78aDd5NHQl29xingXfCdLQ==}
    engines: {node: '>=12'}
    cpu: [x64]
    os: [win32]
    requiresBuild: true
    dev: true
    optional: true

  /@galacean/engine-core@1.2.0-beta.5:
    resolution: {integrity: sha512-yRXDoDcJdQXHxKtASMdqgYz6Q50M0Nzej98WhkLEQmSkKlVjGLaZrRPh9JBtBuCO+BZR0NYhJjcA3L9pU/tlhQ==}
    dependencies:
      '@galacean/engine-math': 1.2.0-beta.5
    dev: false

  /@galacean/engine-loader@1.2.0-beta.5:
    resolution: {integrity: sha512-7eFoUM18wr9HpwhhnY84sdtE3kB8FuO5tYnCg0X7eGUSI6aLCVUeLD0cH2w/laP8gPm3bvBu9ForjqVv22JwYQ==}
    dependencies:
      '@galacean/engine-core': 1.2.0-beta.5
      '@galacean/engine-math': 1.2.0-beta.5
      '@galacean/engine-rhi-webgl': 1.2.0-beta.5
    dev: false

  /@galacean/engine-math@1.2.0-beta.5:
    resolution: {integrity: sha512-VjEFi8ttMbKFgHkC2WjNSfgNXXmVBOo3dJj6oQaNzwDsYnD0Gi2tJPNH1gLgmJvhke0VWzG2z1hqhNPP5gGRbg==}
    dev: false

  /@galacean/engine-physics-lite@1.2.0-beta.5(@galacean/engine@1.2.0-beta.5):
    resolution: {integrity: sha512-1yjv8FF6/XqoeBe55H3FQFJNlEY+k37KtJAVvViw5RJBcPodzB/QVH21w3NHaHuiAMhdW2M4hPwqW+7MRbAH7g==}
    peerDependencies:
      '@galacean/engine': 1.2.0-beta.5
    dependencies:
      '@galacean/engine': 1.2.0-beta.5
    dev: false

  /@galacean/engine-physics-physx@1.2.0-beta.5(@galacean/engine@1.2.0-beta.5):
    resolution: {integrity: sha512-NhIj3O7dnnEk+nOqVkfojivaD3Wx/i6DkeMmYEBtoggGAcdf7N1ZutZ2aiG+mXTbpaky4O6TU7LfVkLlRb11Zg==}
    peerDependencies:
      '@galacean/engine': 1.2.0-beta.5
    dependencies:
      '@galacean/engine': 1.2.0-beta.5
    dev: false

  /@galacean/engine-rhi-webgl@1.2.0-beta.5:
    resolution: {integrity: sha512-oXqIQRXQsgGxhSfFeAj5eev9gI7mzzF1qH169FZ40bYFaYEHzYFpBcyZ+ytpFUaVL7zfR0/vnPHl+E4sbdaBxA==}
    dependencies:
      '@galacean/engine-core': 1.2.0-beta.5
      '@galacean/engine-math': 1.2.0-beta.5
    dev: false

  /@galacean/engine-toolkit-auxiliary-lines@1.2.0-beta.4(@galacean/engine@1.2.0-beta.5):
    resolution: {integrity: sha512-yEqvoNL0MduGEib1LXJ785zHfVOJFl9v46poy9I6ie+raOLHwmnBHOBepvESP0PZ/rU7UI9KG1xMd4zH/4hQXQ==}
    peerDependencies:
      '@galacean/engine': ^1.2.0-alpha.5
    dependencies:
      '@galacean/engine': 1.2.0-beta.5
      '@galacean/engine-toolkit-custom-material': 1.2.0-beta.4(@galacean/engine@1.2.0-beta.5)
    dev: false

  /@galacean/engine-toolkit-controls@1.2.0-beta.4(@galacean/engine@1.2.0-beta.5):
    resolution: {integrity: sha512-Z7yUt9H3Lp/rkw6Sw6IMQunPE9ZmPivwR1lXxEkfv/016SjEvDWncxoZVk7XXdsN9mn6bZH36a24y6ZdjDT5rw==}
    peerDependencies:
      '@galacean/engine': ^1.2.0-alpha.5
    dependencies:
      '@galacean/engine': 1.2.0-beta.5
    dev: false

  /@galacean/engine-toolkit-custom-material@1.2.0-beta.4(@galacean/engine@1.2.0-beta.5):
    resolution: {integrity: sha512-OZyRIMJCadCUTXm0btbnpBp4xpj8KQcufl9d4PDT5LPo4AiHO80erMWfISdblWjMi50K+vDjathI8bnuvId9kA==}
    peerDependencies:
      '@galacean/engine': ^1.2.0-alpha.5
    dependencies:
      '@galacean/engine': 1.2.0-beta.5
    dev: false

  /@galacean/engine-toolkit-framebuffer-picker@1.2.0-beta.4(@galacean/engine@1.2.0-beta.5):
    resolution: {integrity: sha512-7ZhSBjmU2fOPvEAz1big1/53wawXPri0OmoSJ4uFXBBjInaFDD0ZuHQFY7+FUHfhxSCc5+NG/f222xFdv64Yhw==}
    peerDependencies:
      '@galacean/engine': ^1.2.0-alpha.5
    dependencies:
      '@galacean/engine': 1.2.0-beta.5
    dev: false

  /@galacean/engine-toolkit-geometry-sketch@1.2.0-beta.4(@galacean/engine@1.2.0-beta.5):
    resolution: {integrity: sha512-8LesT6EKxK+KEu8mx5MWnyKp7i7ufo7O+bLxm9PuTDwvNkZxG7Ee5eBVZkX3qgDHsiKB6p9uAYxmjU67MOj1wA==}
    peerDependencies:
      '@galacean/engine': ^1.2.0-alpha.5
    dependencies:
      '@galacean/engine': 1.2.0-beta.5
    dev: false

  /@galacean/engine-toolkit-gizmo@1.2.0-beta.4(@galacean/engine@1.2.0-beta.5):
    resolution: {integrity: sha512-clkdjA/PLFDRe1MwUI0G/jg/rVGPg+ouAL6uJM+RMxvzzCDRcUHBS0DMdT1t0Q0j6TVPM0hpON47Bo9KT3UvoA==}
    peerDependencies:
      '@galacean/engine': ^1.2.0-alpha.5
    dependencies:
      '@galacean/engine': 1.2.0-beta.5
      '@galacean/engine-toolkit-custom-material': 1.2.0-beta.4(@galacean/engine@1.2.0-beta.5)
      '@galacean/engine-toolkit-framebuffer-picker': 1.2.0-beta.4(@galacean/engine@1.2.0-beta.5)
    dev: false

  /@galacean/engine-toolkit-lines@1.2.0-beta.4(@galacean/engine@1.2.0-beta.5):
    resolution: {integrity: sha512-QGoV58jUTEpv2qpBA8bcCG8gq8ZFTNBaT2uB0gojK9mOZo/2jGRNuDb+n7mznq0MdUVltabbl7pCIAjnb2GtUw==}
    peerDependencies:
      '@galacean/engine': ^1.2.0-alpha.5
    dependencies:
      '@galacean/engine': 1.2.0-beta.5
    dev: false

  /@galacean/engine-toolkit-navigation-gizmo@1.2.0-beta.4(@galacean/engine@1.2.0-beta.5):
    resolution: {integrity: sha512-3hzKEbJ+0q2+64KG7Y6O9KIgPZ1p27XvYjLRfJiZKHsRsFiWv9eThUM7ThZVkRWHhcbuKAJWD/pBlDF9lAgjeQ==}
    peerDependencies:
      '@galacean/engine': ^1.2.0-alpha.5
    dependencies:
      '@galacean/engine': 1.2.0-beta.5
      '@galacean/engine-toolkit-controls': 1.2.0-beta.4(@galacean/engine@1.2.0-beta.5)
      '@galacean/engine-toolkit-custom-material': 1.2.0-beta.4(@galacean/engine@1.2.0-beta.5)
    dev: false

  /@galacean/engine-toolkit-outline@1.2.0-beta.4(@galacean/engine@1.2.0-beta.5):
    resolution: {integrity: sha512-Za9G3IV83OpEqJLruSc4130ET03dWqGyRqIaUgOib4A/9NaphVb1UYz/2/IZoVf1yTtjKbVg1oE2vaNeY2TqKw==}
    peerDependencies:
      '@galacean/engine': ^1.2.0-alpha.5
    dependencies:
      '@galacean/engine': 1.2.0-beta.5
    dev: false

  /@galacean/engine-toolkit-shader-lab@1.2.0-beta.4(@galacean/engine@1.2.0-beta.5):
    resolution: {integrity: sha512-uaMo4v7fZGZZ2f3gc5SIK+skhHjw62RkxQArm5ukLcgNfqriI6eaWzYqO9BQMpA17n1n7+HQNAO3i+tCtH3/jQ==}
    peerDependencies:
      '@galacean/engine': ^1.2.0-alpha.5
    dependencies:
      '@galacean/engine': 1.2.0-beta.5
    dev: false

  /@galacean/engine-toolkit-skeleton-viewer@1.2.0-beta.4(@galacean/engine@1.2.0-beta.5):
    resolution: {integrity: sha512-W7Mht28Hmjgz8k+nZWBAzEQTBRZ93EfrNMrJlZVhp21CGJhrMIaHcjm5aXXOsvQdNAs2Qc1xrWJRMkkEbyXh0g==}
    peerDependencies:
      '@galacean/engine': ^1.2.0-alpha.5
    dependencies:
      '@galacean/engine': 1.2.0-beta.5
    dev: false

  /@galacean/engine-toolkit-stats@1.2.0-beta.4(@galacean/engine@1.2.0-beta.5):
    resolution: {integrity: sha512-veSmNs2/dhK8q2HLoAxjk4cMPYcKKDbKKanFl67YyyRe+HXh5pkBCm8abUiqFG9/IMDexgXKuInzC/eX7gW9Dg==}
    peerDependencies:
      '@galacean/engine': ^1.2.0-alpha.5
    dependencies:
      '@galacean/engine': 1.2.0-beta.5
    dev: false

  /@galacean/engine-toolkit@1.2.0-beta.4(@galacean/engine@1.2.0-beta.5):
    resolution: {integrity: sha512-oy5xaqiv3d88ZOGeJQLEAoBrUoBh9KCnrE+MrNiibcZldGRrvwQgWXFjcR2urWApWzhnXRsNi/QqOg9HtPC/Kw==}
    dependencies:
      '@galacean/engine-toolkit-auxiliary-lines': 1.2.0-beta.4(@galacean/engine@1.2.0-beta.5)
      '@galacean/engine-toolkit-controls': 1.2.0-beta.4(@galacean/engine@1.2.0-beta.5)
      '@galacean/engine-toolkit-custom-material': 1.2.0-beta.4(@galacean/engine@1.2.0-beta.5)
      '@galacean/engine-toolkit-framebuffer-picker': 1.2.0-beta.4(@galacean/engine@1.2.0-beta.5)
      '@galacean/engine-toolkit-geometry-sketch': 1.2.0-beta.4(@galacean/engine@1.2.0-beta.5)
      '@galacean/engine-toolkit-gizmo': 1.2.0-beta.4(@galacean/engine@1.2.0-beta.5)
      '@galacean/engine-toolkit-lines': 1.2.0-beta.4(@galacean/engine@1.2.0-beta.5)
      '@galacean/engine-toolkit-navigation-gizmo': 1.2.0-beta.4(@galacean/engine@1.2.0-beta.5)
      '@galacean/engine-toolkit-outline': 1.2.0-beta.4(@galacean/engine@1.2.0-beta.5)
      '@galacean/engine-toolkit-shader-lab': 1.2.0-beta.4(@galacean/engine@1.2.0-beta.5)
      '@galacean/engine-toolkit-skeleton-viewer': 1.2.0-beta.4(@galacean/engine@1.2.0-beta.5)
      '@galacean/engine-toolkit-stats': 1.2.0-beta.4(@galacean/engine@1.2.0-beta.5)
    transitivePeerDependencies:
      - '@galacean/engine'
    dev: false

  /@galacean/engine@1.2.0-beta.5:
    resolution: {integrity: sha512-Sd5rme8MDTtWtyjJgWcJnedgtdaPg2YSLyhdx/cEI0PDjjMEoon8RMXyFUz4myfmCoCzecBskdm6JmiR0rljeg==}
    dependencies:
      '@galacean/engine-core': 1.2.0-beta.5
      '@galacean/engine-loader': 1.2.0-beta.5
      '@galacean/engine-math': 1.2.0-beta.5
      '@galacean/engine-rhi-webgl': 1.2.0-beta.5
    dev: false

  /@rollup/rollup-android-arm-eabi@4.17.2:
    resolution: {integrity: sha512-NM0jFxY8bB8QLkoKxIQeObCaDlJKewVlIEkuyYKm5An1tdVZ966w2+MPQ2l8LBZLjR+SgyV+nRkTIunzOYBMLQ==}
    cpu: [arm]
    os: [android]
    requiresBuild: true
    dev: true
    optional: true

  /@rollup/rollup-android-arm64@4.17.2:
    resolution: {integrity: sha512-yeX/Usk7daNIVwkq2uGoq2BYJKZY1JfyLTaHO/jaiSwi/lsf8fTFoQW/n6IdAsx5tx+iotu2zCJwz8MxI6D/Bw==}
    cpu: [arm64]
    os: [android]
    requiresBuild: true
    dev: true
    optional: true

  /@rollup/rollup-darwin-arm64@4.17.2:
    resolution: {integrity: sha512-kcMLpE6uCwls023+kknm71ug7MZOrtXo+y5p/tsg6jltpDtgQY1Eq5sGfHcQfb+lfuKwhBmEURDga9N0ol4YPw==}
    cpu: [arm64]
    os: [darwin]
    requiresBuild: true
    dev: true
    optional: true

  /@rollup/rollup-darwin-x64@4.17.2:
    resolution: {integrity: sha512-AtKwD0VEx0zWkL0ZjixEkp5tbNLzX+FCqGG1SvOu993HnSz4qDI6S4kGzubrEJAljpVkhRSlg5bzpV//E6ysTQ==}
    cpu: [x64]
    os: [darwin]
    requiresBuild: true
    dev: true
    optional: true

  /@rollup/rollup-linux-arm-gnueabihf@4.17.2:
    resolution: {integrity: sha512-3reX2fUHqN7sffBNqmEyMQVj/CKhIHZd4y631duy0hZqI8Qoqf6lTtmAKvJFYa6bhU95B1D0WgzHkmTg33In0A==}
    cpu: [arm]
    os: [linux]
    requiresBuild: true
    dev: true
    optional: true

  /@rollup/rollup-linux-arm-musleabihf@4.17.2:
    resolution: {integrity: sha512-uSqpsp91mheRgw96xtyAGP9FW5ChctTFEoXP0r5FAzj/3ZRv3Uxjtc7taRQSaQM/q85KEKjKsZuiZM3GyUivRg==}
    cpu: [arm]
    os: [linux]
    requiresBuild: true
    dev: true
    optional: true

  /@rollup/rollup-linux-arm64-gnu@4.17.2:
    resolution: {integrity: sha512-EMMPHkiCRtE8Wdk3Qhtciq6BndLtstqZIroHiiGzB3C5LDJmIZcSzVtLRbwuXuUft1Cnv+9fxuDtDxz3k3EW2A==}
    cpu: [arm64]
    os: [linux]
    requiresBuild: true
    dev: true
    optional: true

  /@rollup/rollup-linux-arm64-musl@4.17.2:
    resolution: {integrity: sha512-NMPylUUZ1i0z/xJUIx6VUhISZDRT+uTWpBcjdv0/zkp7b/bQDF+NfnfdzuTiB1G6HTodgoFa93hp0O1xl+/UbA==}
    cpu: [arm64]
    os: [linux]
    requiresBuild: true
    dev: true
    optional: true

  /@rollup/rollup-linux-powerpc64le-gnu@4.17.2:
    resolution: {integrity: sha512-T19My13y8uYXPw/L/k0JYaX1fJKFT/PWdXiHr8mTbXWxjVF1t+8Xl31DgBBvEKclw+1b00Chg0hxE2O7bTG7GQ==}
    cpu: [ppc64]
    os: [linux]
    requiresBuild: true
    dev: true
    optional: true

  /@rollup/rollup-linux-riscv64-gnu@4.17.2:
    resolution: {integrity: sha512-BOaNfthf3X3fOWAB+IJ9kxTgPmMqPPH5f5k2DcCsRrBIbWnaJCgX2ll77dV1TdSy9SaXTR5iDXRL8n7AnoP5cg==}
    cpu: [riscv64]
    os: [linux]
    requiresBuild: true
    dev: true
    optional: true

  /@rollup/rollup-linux-s390x-gnu@4.17.2:
    resolution: {integrity: sha512-W0UP/x7bnn3xN2eYMql2T/+wpASLE5SjObXILTMPUBDB/Fg/FxC+gX4nvCfPBCbNhz51C+HcqQp2qQ4u25ok6g==}
    cpu: [s390x]
    os: [linux]
    requiresBuild: true
    dev: true
    optional: true

  /@rollup/rollup-linux-x64-gnu@4.17.2:
    resolution: {integrity: sha512-Hy7pLwByUOuyaFC6mAr7m+oMC+V7qyifzs/nW2OJfC8H4hbCzOX07Ov0VFk/zP3kBsELWNFi7rJtgbKYsav9QQ==}
    cpu: [x64]
    os: [linux]
    requiresBuild: true
    dev: true
    optional: true

  /@rollup/rollup-linux-x64-musl@4.17.2:
    resolution: {integrity: sha512-h1+yTWeYbRdAyJ/jMiVw0l6fOOm/0D1vNLui9iPuqgRGnXA0u21gAqOyB5iHjlM9MMfNOm9RHCQ7zLIzT0x11Q==}
    cpu: [x64]
    os: [linux]
    requiresBuild: true
    dev: true
    optional: true

  /@rollup/rollup-win32-arm64-msvc@4.17.2:
    resolution: {integrity: sha512-tmdtXMfKAjy5+IQsVtDiCfqbynAQE/TQRpWdVataHmhMb9DCoJxp9vLcCBjEQWMiUYxO1QprH/HbY9ragCEFLA==}
    cpu: [arm64]
    os: [win32]
    requiresBuild: true
    dev: true
    optional: true

  /@rollup/rollup-win32-ia32-msvc@4.17.2:
    resolution: {integrity: sha512-7II/QCSTAHuE5vdZaQEwJq2ZACkBpQDOmQsE6D6XUbnBHW8IAhm4eTufL6msLJorzrHDFv3CF8oCA/hSIRuZeQ==}
    cpu: [ia32]
    os: [win32]
    requiresBuild: true
    dev: true
    optional: true

  /@rollup/rollup-win32-x64-msvc@4.17.2:
    resolution: {integrity: sha512-TGGO7v7qOq4CYmSBVEYpI1Y5xDuCEnbVC5Vth8mOsW0gDSzxNrVERPc790IGHsrT2dQSimgMr9Ub3Y1Jci5/8w==}
    cpu: [x64]
    os: [win32]
    requiresBuild: true
    dev: true
    optional: true

  /@tweenjs/tween.js@23.1.2:
    resolution: {integrity: sha512-kMCNaZCJugWI86xiEHaY338CU5JpD0B97p1j1IKNn/Zto8PgACjQx0UxbHjmOcLl/dDOBnItwD07KmCs75pxtQ==}
    dev: false

  /@types/emscripten@1.39.12:
    resolution: {integrity: sha512-AQImDBgudQfMqUBfrjZYilRxoHDzTBp+ejh+g1fY67eSMalwIKtBXofjpyI0JBgNpHGzxeGAR2QDya0wxW9zbA==}
    dev: false

  /@types/estree@1.0.5:
    resolution: {integrity: sha512-/kYRxGDLWzHOB7q+wtSUQlFrtcdUccpfy+X+9iMBpHK8QLLhx2wIPYuS5DYtR9Wa/YlZAbIovy7qVdB1Aq6Lyw==}
    dev: true

  /@types/node@20.12.12:
    resolution: {integrity: sha512-eWLDGF/FOSPtAvEqeRAQ4C8LSA7M1I7i0ky1I8U7kD1J5ITyW3AsRhQrKVoWf5pFKZ2kILsEGJhsI9r93PYnOw==}
    dependencies:
      undici-types: 5.26.5
    dev: true

  /@types/stats.js@0.17.3:
    resolution: {integrity: sha512-pXNfAD3KHOdif9EQXZ9deK82HVNaXP5ZIF5RP2QG6OQFNTaY2YIetfrE9t528vEreGQvEPRDDc8muaoYeK0SxQ==}
    dev: false

  /@types/three@0.164.0:
    resolution: {integrity: sha512-SFDofn9dJVrE+1DKta7xj7lc4ru7B3S3yf10NsxOserW57aQlB6GxtAS1UK5To3LfEMN5HUHMu3n5v+M5rApgA==}
    dependencies:
      '@tweenjs/tween.js': 23.1.2
      '@types/stats.js': 0.17.3
      '@types/webxr': 0.5.16
      fflate: 0.8.2
      meshoptimizer: 0.18.1
    dev: false

  /@types/webxr@0.5.16:
    resolution: {integrity: sha512-0E0Cl84FECtzrB4qG19TNTqpunw0F1YF0QZZnFMF6pDw1kNKJtrlTKlVB34stGIsHbZsYQ7H0tNjPfZftkHHoA==}
    dev: false

  /anymatch@3.1.3:
    resolution: {integrity: sha512-KMReFUr0B4t+D+OBkjR3KYqvocp2XaSzO55UcB6mgQMd3KbcE+mWTyvVV7D/zsdEbNnV6acZUutkiHQXvTr1Rw==}
    engines: {node: '>= 8'}
    dependencies:
      normalize-path: 3.0.0
      picomatch: 2.3.1
    dev: true

  /babylonjs-gltf2interface@7.8.0:
    resolution: {integrity: sha512-0OBFS5Xj8XTmx/Lxf48qa8rpLV1nkrieBmPSkt+4ArVM/wPGR0QbOAlJWn3auKD1uIaa3gVAbh1hdbOgh9GEhg==}
    dev: false

  /babylonjs@7.7.0:
    resolution: {integrity: sha512-BwwIZBDtngDpNsIWThdhEuQJsw32zSS/N2T2bWk4ZoGdlkUtuqshX2rmqdXAnMpZ27dygMHNiVFBXecUz0cRmg==}
    requiresBuild: true
    dev: false

  /binary-extensions@2.3.0:
    resolution: {integrity: sha512-Ceh+7ox5qe7LJuLHoY0feh3pHuUDHAcRUeyL2VYghZwfpkNIy/+8Ocg0a3UuSoYzavmylwuLWQOf3hl0jjMMIw==}
    engines: {node: '>=8'}
    dev: true

  /braces@3.0.2:
    resolution: {integrity: sha512-b8um+L1RzM3WDSzvhm6gIz1yfTbBt6YTlcEKAvsmqCZZFw46z626lVj9j1yEPW33H5H+lBQpZMP1k8l+78Ha0A==}
    engines: {node: '>=8'}
    dependencies:
      fill-range: 7.0.1
    dev: true

  /chokidar@3.6.0:
    resolution: {integrity: sha512-7VT13fmjotKpGipCW9JEQAusEPE+Ei8nl6/g4FBAmIm0GOOLMua9NDDo/DWp0ZAxCr3cPq5ZpBqmPAQgDda2Pw==}
    engines: {node: '>= 8.10.0'}
    dependencies:
      anymatch: 3.1.3
      braces: 3.0.2
      glob-parent: 5.1.2
      is-binary-path: 2.1.0
      is-glob: 4.0.3
      normalize-path: 3.0.0
      readdirp: 3.6.0
    optionalDependencies:
      fsevents: 2.3.3
    dev: true

  /dat.gui@0.7.9:
    resolution: {integrity: sha512-sCNc1OHobc+Erc1HqiswYgHdVNpSJUlk/Hz8vzOCsER7rl+oF/4+v8GXFUyCgtXpoCX6+bnmg07DedLvBLwYKQ==}
    dev: false

  /esbuild@0.20.2:
    resolution: {integrity: sha512-WdOOppmUNU+IbZ0PaDiTst80zjnrOkyJNHoKupIcVyU8Lvla3Ugx94VzkQ32Ijqd7UhHJy75gNWDMUekcrSJ6g==}
    engines: {node: '>=12'}
    hasBin: true
    requiresBuild: true
    optionalDependencies:
      '@esbuild/aix-ppc64': 0.20.2
      '@esbuild/android-arm': 0.20.2
      '@esbuild/android-arm64': 0.20.2
      '@esbuild/android-x64': 0.20.2
      '@esbuild/darwin-arm64': 0.20.2
      '@esbuild/darwin-x64': 0.20.2
      '@esbuild/freebsd-arm64': 0.20.2
      '@esbuild/freebsd-x64': 0.20.2
      '@esbuild/linux-arm': 0.20.2
      '@esbuild/linux-arm64': 0.20.2
      '@esbuild/linux-ia32': 0.20.2
      '@esbuild/linux-loong64': 0.20.2
      '@esbuild/linux-mips64el': 0.20.2
      '@esbuild/linux-ppc64': 0.20.2
      '@esbuild/linux-riscv64': 0.20.2
      '@esbuild/linux-s390x': 0.20.2
      '@esbuild/linux-x64': 0.20.2
      '@esbuild/netbsd-x64': 0.20.2
      '@esbuild/openbsd-x64': 0.20.2
      '@esbuild/sunos-x64': 0.20.2
      '@esbuild/win32-arm64': 0.20.2
      '@esbuild/win32-ia32': 0.20.2
      '@esbuild/win32-x64': 0.20.2
    dev: true

  /fflate@0.8.2:
    resolution: {integrity: sha512-cPJU47OaAoCbg0pBvzsgpTPhmhqI5eJjh/JIu8tPj5q+T7iLvW/JAYUqmE7KOB4R1ZyEhzBaIQpQpardBF5z8A==}
    dev: false

  /fill-range@7.0.1:
    resolution: {integrity: sha512-qOo9F+dMUmC2Lcb4BbVvnKJxTPjCm+RRpe4gDuGrzkL7mEVl/djYSu2OdQ2Pa302N4oqkSg9ir6jaLWJ2USVpQ==}
    engines: {node: '>=8'}
    dependencies:
      to-regex-range: 5.0.1
    dev: true

  /fs-extra@10.1.0:
    resolution: {integrity: sha512-oRXApq54ETRj4eMiFzGnHWGy+zo5raudjuxN0b8H7s/RU2oW0Wvsx9O0ACRN/kRq9E8Vu/ReskGB5o3ji+FzHQ==}
    engines: {node: '>=12'}
    dependencies:
      graceful-fs: 4.2.11
      jsonfile: 6.1.0
      universalify: 2.0.1
    dev: true

  /fsevents@2.3.3:
    resolution: {integrity: sha512-5xoDfX+fL7faATnagmWPpbFtwh/R77WmMMqqHGS65C3vvB0YHrgF+B1YmZ3441tMj5n63k0212XNoJwzlhffQw==}
    engines: {node: ^8.16.0 || ^10.6.0 || >=11.0.0}
    os: [darwin]
    requiresBuild: true
    dev: true
    optional: true

  /glob-parent@5.1.2:
    resolution: {integrity: sha512-AOIgSQCepiJYwP3ARnGx+5VnTu2HBYdzbGP45eLw1vr3zB3vZLeyed1sC9hnbcOc9/SrMyM5RPQrkGz4aS9Zow==}
    engines: {node: '>= 6'}
    dependencies:
      is-glob: 4.0.3
    dev: true

  /graceful-fs@4.2.11:
    resolution: {integrity: sha512-RbJ5/jmFcNNCcDV5o9eTnBLJ/HszWV0P73bc+Ff4nS/rJj+YaS6IGyiOL0VoBYX+l1Wrl3k63h/KrH+nhJ0XvQ==}
    dev: true

  /immutable@4.3.6:
    resolution: {integrity: sha512-Ju0+lEMyzMVZarkTn/gqRpdqd5dOPaz1mCZ0SH3JV6iFw81PldE/PEB1hWVEA288HPt4WXW8O7AWxB10M+03QQ==}
    dev: true

  /is-binary-path@2.1.0:
    resolution: {integrity: sha512-ZMERYes6pDydyuGidse7OsHxtbI7WVeUEozgR/g7rd0xUimYNlvZRE/K2MgZTjWy725IfelLeVcEM97mmtRGXw==}
    engines: {node: '>=8'}
    dependencies:
      binary-extensions: 2.3.0
    dev: true

  /is-extglob@2.1.1:
    resolution: {integrity: sha512-SbKbANkN603Vi4jEZv49LeVJMn4yGwsbzZworEoyEiutsN3nJYdbO36zfhGJ6QEDpOZIFkDtnq5JRxmvl3jsoQ==}
    engines: {node: '>=0.10.0'}
    dev: true

  /is-glob@4.0.3:
    resolution: {integrity: sha512-xelSayHH36ZgE7ZWhli7pW34hNbNl8Ojv5KVmkJD4hBdD3th8Tfk9vYasLM+mXWOZhFkgZfxhLSnrwRr4elSSg==}
    engines: {node: '>=0.10.0'}
    dependencies:
      is-extglob: 2.1.1
    dev: true

  /is-number@7.0.0:
    resolution: {integrity: sha512-41Cifkg6e8TylSpdtTpeLVMqvSBEVzTttHvERD741+pnZ8ANv0004MRL43QKPDlK9cGvNp6NZWZUBlbGXYxxng==}
    engines: {node: '>=0.12.0'}
    dev: true

  /jsonfile@6.1.0:
    resolution: {integrity: sha512-5dgndWOriYSm5cnYaJNhalLNDKOqFwyDB/rr1E9ZsGciGvKPs8R2xYGCacuf3z6K1YKDz182fd+fY3cn3pMqXQ==}
    dependencies:
      universalify: 2.0.1
    optionalDependencies:
      graceful-fs: 4.2.11
    dev: true

  /lodash@4.17.21:
    resolution: {integrity: sha512-v2kDEe57lecTulaDIuNTPy3Ry4gLGJ6Z1O3vE1krgXZNrsQ+LFTGHVxVjcXPs17LhbZVGedAJv8XZ1tvj5FvSg==}
    dev: false

  /meshoptimizer@0.18.1:
    resolution: {integrity: sha512-ZhoIoL7TNV4s5B6+rx5mC//fw8/POGyNxS/DZyCJeiZ12ScLfVwRE/GfsxwiTkMYYD5DmK2/JXnEVXqL4rF+Sw==}
    dev: false

  /nanoid@3.3.7:
    resolution: {integrity: sha512-eSRppjcPIatRIMC1U6UngP8XFcz8MQWGQdt1MTBQ7NaAmvXDfvNxbvWV3x2y6CdEUciCSsDHDQZbhYaB8QEo2g==}
    engines: {node: ^10 || ^12 || ^13.7 || ^14 || >=15.0.1}
    hasBin: true
    dev: true

  /normalize-path@3.0.0:
    resolution: {integrity: sha512-6eZs5Ls3WtCisHWp9S2GUy8dqkpGi4BVSz3GaqiE6ezub0512ESztXUwUB6C6IKbQkY2Pnb/mD4WYojCRwcwLA==}
    engines: {node: '>=0.10.0'}
    dev: true

  /picocolors@1.0.1:
    resolution: {integrity: sha512-anP1Z8qwhkbmu7MFP5iTt+wQKXgwzf7zTyGlcdzabySa9vd0Xt392U0rVmz9poOaBj0uHJKyyo9/upk0HrEQew==}
    dev: true

  /picomatch@2.3.1:
    resolution: {integrity: sha512-JU3teHTNjmE2VCGFzuY8EXzCDVwEqB2a8fsIvwaStHhAWJEeVd1o1QD80CU6+ZdEXXSLbSsuLwJjkCBWqRQUVA==}
    engines: {node: '>=8.6'}
    dev: true

  /postcss@8.4.38:
    resolution: {integrity: sha512-Wglpdk03BSfXkHoQa3b/oulrotAkwrlLDRSOb9D0bN86FdRyE9lppSp33aHNPgBa0JKCoB+drFLZkQoRRYae5A==}
    engines: {node: ^10 || ^12 || >=14}
    dependencies:
      nanoid: 3.3.7
      picocolors: 1.0.1
      source-map-js: 1.2.0
    dev: true

  /potpack@1.0.2:
    resolution: {integrity: sha512-choctRBIV9EMT9WGAZHn3V7t0Z2pMQyl0EZE6pFc/6ml3ssw7Dlf/oAOvFwjm1HVsqfQN8GfeFyJ+d8tRzqueQ==}
    dev: false

  /readdirp@3.6.0:
    resolution: {integrity: sha512-hOS089on8RduqdbhvQ5Z37A0ESjsqz6qnRcffsMU3495FuTdqSm+7bhJ29JvIOsBDEEnan5DPu9t3To9VRlMzA==}
    engines: {node: '>=8.10.0'}
    dependencies:
      picomatch: 2.3.1
    dev: true

  /regenerator-runtime@0.14.1:
    resolution: {integrity: sha512-dYnhHh0nJoMfnkZs6GmmhFknAGRrLznOu5nc9ML+EJxGvrx6H7teuevqVqCuPcPK//3eDrrjQhehXVx9cnkGdw==}
    dev: false

  /rollup@4.17.2:
    resolution: {integrity: sha512-/9ClTJPByC0U4zNLowV1tMBe8yMEAxewtR3cUNX5BoEpGH3dQEWpJLr6CLp0fPdYRF/fzVOgvDb1zXuakwF5kQ==}
    engines: {node: '>=18.0.0', npm: '>=8.0.0'}
    hasBin: true
    dependencies:
      '@types/estree': 1.0.5
    optionalDependencies:
      '@rollup/rollup-android-arm-eabi': 4.17.2
      '@rollup/rollup-android-arm64': 4.17.2
      '@rollup/rollup-darwin-arm64': 4.17.2
      '@rollup/rollup-darwin-x64': 4.17.2
      '@rollup/rollup-linux-arm-gnueabihf': 4.17.2
      '@rollup/rollup-linux-arm-musleabihf': 4.17.2
      '@rollup/rollup-linux-arm64-gnu': 4.17.2
      '@rollup/rollup-linux-arm64-musl': 4.17.2
      '@rollup/rollup-linux-powerpc64le-gnu': 4.17.2
      '@rollup/rollup-linux-riscv64-gnu': 4.17.2
      '@rollup/rollup-linux-s390x-gnu': 4.17.2
      '@rollup/rollup-linux-x64-gnu': 4.17.2
      '@rollup/rollup-linux-x64-musl': 4.17.2
      '@rollup/rollup-win32-arm64-msvc': 4.17.2
      '@rollup/rollup-win32-ia32-msvc': 4.17.2
      '@rollup/rollup-win32-x64-msvc': 4.17.2
      fsevents: 2.3.3
    dev: true

  /sass@1.77.2:
    resolution: {integrity: sha512-eb4GZt1C3avsX3heBNlrc7I09nyT00IUuo4eFhAbeXWU2fvA7oXI53SxODVAA+zgZCk9aunAZgO+losjR3fAwA==}
    engines: {node: '>=14.0.0'}
    hasBin: true
    dependencies:
      chokidar: 3.6.0
      immutable: 4.3.6
      source-map-js: 1.2.0
    dev: true

  /source-map-js@1.2.0:
    resolution: {integrity: sha512-itJW8lvSA0TXEphiRoawsCksnlf8SyvmFzIhltqAHluXd88pkCd+cXJVHTDwdCr0IzwptSm035IHQktUu1QUMg==}
    engines: {node: '>=0.10.0'}
    dev: true

  /stats.js@0.17.0:
    resolution: {integrity: sha512-hNKz8phvYLPEcRkeG1rsGmV5ChMjKDAWU7/OJJdDErPBNChQXxCo3WZurGpnWc6gZhAzEPFad1aVgyOANH1sMw==}
    dev: false

  /three-nebula@10.0.3(three@0.164.1):
    resolution: {integrity: sha512-cX0UVkCGKx1r36z/yo26HAjsMGa3NcSvGZlODTLo6lfNikpK7oYXgq5r4yVrjaGjhpeKnFalNTI8LsHiZ8KlYw==}
    peerDependencies:
      three: '>=0.122.0 <1.0.0'
    dependencies:
      lodash: 4.17.21
      potpack: 1.0.2
      three: 0.164.1
      uuid: 3.4.0
    dev: false

  /three-spritetext@1.8.2(three@0.164.1):
    resolution: {integrity: sha512-OYjyAhWnQ6+7CPKjnpq3JQM+Lpr6cSOppCtbOOzF1IbCauGkoDFvbAnxYd0LVxEsIO2RALXXScg2eX+R6CAfyA==}
    engines: {node: '>=12'}
    peerDependencies:
      three: '>=0.86.0'
    dependencies:
      three: 0.164.1
    dev: false

  /three@0.164.1:
    resolution: {integrity: sha512-iC/hUBbl1vzFny7f5GtqzVXYjMJKaTPxiCxXfrvVdBi1Sf+jhd1CAkitiFwC7mIBFCo3MrDLJG97yisoaWig0w==}
    dev: false

  /to-regex-range@5.0.1:
    resolution: {integrity: sha512-65P7iz6X5yEr1cwcgvQxbbIw7Uk3gOy5dIdtZ4rDveLqhrdJP+Li/Hx6tyK0NEb+2GCyneCMJiGqrADCSNk8sQ==}
    engines: {node: '>=8.0'}
    dependencies:
      is-number: 7.0.0
    dev: true

  /typescript@4.9.5:
    resolution: {integrity: sha512-1FXk9E2Hm+QzZQ7z+McJiHL4NW1F2EzMu9Nq9i3zAaGqibafqYwCVU6WyWAuyQRRzOlxou8xZSyXLEN8oKj24g==}
    engines: {node: '>=4.2.0'}
    hasBin: true
    dev: true

  /undici-types@5.26.5:
    resolution: {integrity: sha512-JlCMO+ehdEIKqlFxk6IfVoAUVmgz7cU7zD/h9XZ0qzeosSHmUJVOzSQvvYSYWXkFXC+IfLKSIffhv0sVZup6pA==}
    dev: true

  /universalify@2.0.1:
    resolution: {integrity: sha512-gptHNQghINnc/vTGIk0SOFGFNXw7JVrlRUtConJRlvaw6DuX0wO5Jeko9sWrMBhh+PsYAZ7oXAiOnf/UKogyiw==}
    engines: {node: '>= 10.0.0'}
    dev: true

  /uuid@3.4.0:
    resolution: {integrity: sha512-HjSDRw6gZE5JMggctHBcjVak08+KEVhSIiDzFnT9S9aegmp85S/bReBVTb4QTFaRNptJ9kuYaNhnbNEOkbKb/A==}
    deprecated: Please upgrade  to version 7 or higher.  Older versions may use Math.random() in certain circumstances, which is known to be problematic.  See https://v8.dev/blog/math-random for details.
    hasBin: true
    dev: false

  /vite@5.2.11(@types/node@20.12.12)(sass@1.77.2):
    resolution: {integrity: sha512-HndV31LWW05i1BLPMUCE1B9E9GFbOu1MbenhS58FuK6owSO5qHm7GiCotrNY1YE5rMeQSFBGmT5ZaLEjFizgiQ==}
    engines: {node: ^18.0.0 || >=20.0.0}
    hasBin: true
    peerDependencies:
      '@types/node': ^18.0.0 || >=20.0.0
      less: '*'
      lightningcss: ^1.21.0
      sass: '*'
      stylus: '*'
      sugarss: '*'
      terser: ^5.4.0
    peerDependenciesMeta:
      '@types/node':
        optional: true
      less:
        optional: true
      lightningcss:
        optional: true
      sass:
        optional: true
      stylus:
        optional: true
      sugarss:
        optional: true
      terser:
        optional: true
    dependencies:
      '@types/node': 20.12.12
      esbuild: 0.20.2
      postcss: 8.4.38
      rollup: 4.17.2
      sass: 1.77.2
    optionalDependencies:
      fsevents: 2.3.3
    dev: true
